
Microsoft Visual Studio Solution File, Format Version 11.00
# Visual Studio 2010
Project("{FAE04EC0-301F-11D3-BF4B-00C04F79EFBC}") = "MvcTIC-IT", "MvcTIC-IT\MvcTIC-IT.csproj", "{005193CC-6394-4953-BF0E-18086FB14EAE}"
	ProjectSection(ProjectDependencies) = postProject
		{220A3F10-E9E2-402A-8BF1-DBAFFE020D8E} = {220A3F10-E9E2-402A-8BF1-DBAFFE020D8E}
		{93D75731-5FFE-462C-98BA-9594B5F75EBC} = {93D75731-5FFE-462C-98BA-9594B5F75EBC}
		{6120DE35-F96E-49DC-8C06-C41AFB950168} = {6120DE35-F96E-49DC-8C06-C41AFB950168}
		{A043D73E-8926-4871-A549-3602F92C55F6} = {A043D73E-8926-4871-A549-3602F92C55F6}
		{6F77BD4F-457C-4816-9D63-9035C3517C97} = {6F77BD4F-457C-4816-9D63-9035C3517C97}
		{349268D8-CE38-4573-AE4F-96CB1A654622} = {349268D8-CE38-4573-AE4F-96CB1A654622}
	EndProjectSection
EndProject
Project("{FAE04EC0-301F-11D3-BF4B-00C04F79EFBC}") = "MvcTIC-IT.Tests", "MvcTIC-IT.Tests\MvcTIC-IT.Tests.csproj", "{C4AC1221-8C8D-42DD-9E9A-07C12E6C989B}"
EndProject
Project("{FAE04EC0-301F-11D3-BF4B-00C04F79EFBC}") = "WcfITPortugal", "WcfITPortugal\WcfITPortugal.csproj", "{6F77BD4F-457C-4816-9D63-9035C3517C97}"
EndProject
Project("{FAE04EC0-301F-11D3-BF4B-00C04F79EFBC}") = "WcfITEspanha", "WcfITEspanha\WcfITEspanha.csproj", "{A043D73E-8926-4871-A549-3602F92C55F6}"
EndProject
Project("{FAE04EC0-301F-11D3-BF4B-00C04F79EFBC}") = "WcfITFrance", "WcfITFrance\WcfITFrance.csproj", "{349268D8-CE38-4573-AE4F-96CB1A654622}"
EndProject
Project("{FAE04EC0-301F-11D3-BF4B-00C04F79EFBC}") = "WcfITUK", "WcfITUK\WcfITUK.csproj", "{93D75731-5FFE-462C-98BA-9594B5F75EBC}"
EndProject
Project("{FAE04EC0-301F-11D3-BF4B-00C04F79EFBC}") = "WcfITAlemanha", "WcfITAlemanha\WcfITAlemanha.csproj", "{6120DE35-F96E-49DC-8C06-C41AFB950168}"
EndProject
Project("{FAE04EC0-301F-11D3-BF4B-00C04F79EFBC}") = "WcfITWorld", "WcfITWorld\WcfITWorld.csproj", "{220A3F10-E9E2-402A-8BF1-DBAFFE020D8E}"
EndProject
Global
	GlobalSection(SolutionConfigurationPlatforms) = preSolution
		Debug|Any CPU = Debug|Any CPU
		Release|Any CPU = Release|Any CPU
	EndGlobalSection
	GlobalSection(ProjectConfigurationPlatforms) = postSolution
		{005193CC-6394-4953-BF0E-18086FB14EAE}.Debug|Any CPU.ActiveCfg = Debug|Any CPU
		{005193CC-6394-4953-BF0E-18086FB14EAE}.Debug|Any CPU.Build.0 = Debug|Any CPU
		{005193CC-6394-4953-BF0E-18086FB14EAE}.Release|Any CPU.ActiveCfg = Release|Any CPU
		{005193CC-6394-4953-BF0E-18086FB14EAE}.Release|Any CPU.Build.0 = Release|Any CPU
		{C4AC1221-8C8D-42DD-9E9A-07C12E6C989B}.Debug|Any CPU.ActiveCfg = Debug|Any CPU
		{C4AC1221-8C8D-42DD-9E9A-07C12E6C989B}.Debug|Any CPU.Build.0 = Debug|Any CPU
		{C4AC1221-8C8D-42DD-9E9A-07C12E6C989B}.Release|Any CPU.ActiveCfg = Release|Any CPU
		{C4AC1221-8C8D-42DD-9E9A-07C12E6C989B}.Release|Any CPU.Build.0 = Release|Any CPU
		{6F77BD4F-457C-4816-9D63-9035C3517C97}.Debug|Any CPU.ActiveCfg = Debug|Any CPU
		{6F77BD4F-457C-4816-9D63-9035C3517C97}.Debug|Any CPU.Build.0 = Debug|Any CPU
		{6F77BD4F-457C-4816-9D63-9035C3517C97}.Release|Any CPU.ActiveCfg = Release|Any CPU
		{6F77BD4F-457C-4816-9D63-9035C3517C97}.Release|Any CPU.Build.0 = Release|Any CPU
		{A043D73E-8926-4871-A549-3602F92C55F6}.Debug|Any CPU.ActiveCfg = Debug|Any CPU
		{A043D73E-8926-4871-A549-3602F92C55F6}.Debug|Any CPU.Build.0 = Debug|Any CPU
		{A043D73E-8926-4871-A549-3602F92C55F6}.Release|Any CPU.ActiveCfg = Release|Any CPU
		{A043D73E-8926-4871-A549-3602F92C55F6}.Release|Any CPU.Build.0 = Release|Any CPU
		{349268D8-CE38-4573-AE4F-96CB1A654622}.Debug|Any CPU.ActiveCfg = Debug|Any CPU
		{349268D8-CE38-4573-AE4F-96CB1A654622}.Debug|Any CPU.Build.0 = Debug|Any CPU
		{349268D8-CE38-4573-AE4F-96CB1A654622}.Release|Any CPU.ActiveCfg = Release|Any CPU
		{349268D8-CE38-4573-AE4F-96CB1A654622}.Release|Any CPU.Build.0 = Release|Any CPU
		{93D75731-5FFE-462C-98BA-9594B5F75EBC}.Debug|Any CPU.ActiveCfg = Debug|Any CPU
		{93D75731-5FFE-462C-98BA-9594B5F75EBC}.Debug|Any CPU.Build.0 = Debug|Any CPU
		{93D75731-5FFE-462C-98BA-9594B5F75EBC}.Release|Any CPU.ActiveCfg = Release|Any CPU
		{93D75731-5FFE-462C-98BA-9594B5F75EBC}.Release|Any CPU.Build.0 = Release|Any CPU
		{6120DE35-F96E-49DC-8C06-C41AFB950168}.Debug|Any CPU.ActiveCfg = Debug|Any CPU
		{6120DE35-F96E-49DC-8C06-C41AFB950168}.Debug|Any CPU.Build.0 = Debug|Any CPU
		{6120DE35-F96E-49DC-8C06-C41AFB950168}.Release|Any CPU.ActiveCfg = Release|Any CPU
		{6120DE35-F96E-49DC-8C06-C41AFB950168}.Release|Any CPU.Build.0 = Release|Any CPU
		{220A3F10-E9E2-402A-8BF1-DBAFFE020D8E}.Debug|Any CPU.ActiveCfg = Debug|Any CPU
		{220A3F10-E9E2-402A-8BF1-DBAFFE020D8E}.Debug|Any CPU.Build.0 = Debug|Any CPU
		{220A3F10-E9E2-402A-8BF1-DBAFFE020D8E}.Release|Any CPU.ActiveCfg = Release|Any CPU
		{220A3F10-E9E2-402A-8BF1-DBAFFE020D8E}.Release|Any CPU.Build.0 = Release|Any CPU
	EndGlobalSection
	GlobalSection(SolutionProperties) = preSolution
		HideSolutionNode = FALSE
	EndGlobalSection
EndGlobal
